
Microsoft Visual Studio Solution File, Format Version 12.00
# Visual Studio 15
VisualStudioVersion = 15.0.26124.0
MinimumVisualStudioVersion = 15.0.26124.0
Project("{9A19103F-16F7-4668-BE54-9A1E7A4F7556}") = "textanalyser.api", "textanalyser.api\textanalyser.api.csproj", "{66BF77D1-8BA0-4763-8D58-87B9AA6B5B13}"
EndProject
Project("{9A19103F-16F7-4668-BE54-9A1E7A4F7556}") = "textanalyser.tests", "textanalyser.api.tests\textanalyser.tests.csproj", "{3E325A40-C703-43D3-BA27-131945172C6B}"
EndProject
Project("{9A19103F-16F7-4668-BE54-9A1E7A4F7556}") = "textanalyser.domain.core", "textanalyser.domain.core\textanalyser.domain.core.csproj", "{B73B053D-5958-4D49-AE44-E9315640D57E}"
EndProject
Project("{9A19103F-16F7-4668-BE54-9A1E7A4F7556}") = "textanalyser.infra.common", "textanalyser.infra.common\textanalyser.infra.common.csproj", "{DF20FB71-9E2F-4FFF-95D7-4EE5F63D8750}"
EndProject
Project("{9A19103F-16F7-4668-BE54-9A1E7A4F7556}") = "textanalyser.infra.di", "textanalyser.infra.di\textanalyser.infra.di.csproj", "{D31CCBA7-180B-4B39-93D5-4FF5C8022691}"
EndProject
Project("{9A19103F-16F7-4668-BE54-9A1E7A4F7556}") = "textanalyser.interfaces", "textanalyser.interfaces\textanalyser.interfaces.csproj", "{DADE771F-2841-458C-9AD0-E60E346639F4}"
EndProject
Project("{9A19103F-16F7-4668-BE54-9A1E7A4F7556}") = "textanalyser.providers", "textanalyser.providers\textanalyser.providers.csproj", "{4FEFBD3F-DE34-44D3-8829-08F1FC25144E}"
EndProject
Project("{9A19103F-16F7-4668-BE54-9A1E7A4F7556}") = "textanalyser.services", "textanalyser.services\textanalyser.services.csproj", "{8F96D8EA-8A96-4F9D-930A-2437950EFD50}"
EndProject
Project("{2150E333-8FDC-42A3-9474-1A3956D46DE8}") = "Application", "Application", "{9AB581FF-1C63-4ABA-8A3F-DCCB8883BE83}"
EndProject
Project("{2150E333-8FDC-42A3-9474-1A3956D46DE8}") = "Core", "Core", "{BF9AB295-0E59-4431-8229-B3ACFAA03F21}"
EndProject
Project("{2150E333-8FDC-42A3-9474-1A3956D46DE8}") = "Infrastructure", "Infrastructure", "{8C1C1608-5B6F-4509-BB72-AB9391FC29EB}"
EndProject
Project("{2150E333-8FDC-42A3-9474-1A3956D46DE8}") = "Providers", "Providers", "{22295553-10E9-42F5-9E59-BFDE6D128345}"
EndProject
Project("{2150E333-8FDC-42A3-9474-1A3956D46DE8}") = "Tests", "Tests", "{B549D641-6B4C-47F7-94EF-67514B70DF39}"
EndProject
Global
	GlobalSection(SolutionConfigurationPlatforms) = preSolution
		Debug|Any CPU = Debug|Any CPU
		Debug|x64 = Debug|x64
		Debug|x86 = Debug|x86
		Release|Any CPU = Release|Any CPU
		Release|x64 = Release|x64
		Release|x86 = Release|x86
	EndGlobalSection
	GlobalSection(ProjectConfigurationPlatforms) = postSolution
		{66BF77D1-8BA0-4763-8D58-87B9AA6B5B13}.Debug|Any CPU.ActiveCfg = Debug|Any CPU
		{66BF77D1-8BA0-4763-8D58-87B9AA6B5B13}.Debug|Any CPU.Build.0 = Debug|Any CPU
		{66BF77D1-8BA0-4763-8D58-87B9AA6B5B13}.Debug|x64.ActiveCfg = Debug|Any CPU
		{66BF77D1-8BA0-4763-8D58-87B9AA6B5B13}.Debug|x64.Build.0 = Debug|Any CPU
		{66BF77D1-8BA0-4763-8D58-87B9AA6B5B13}.Debug|x86.ActiveCfg = Debug|Any CPU
		{66BF77D1-8BA0-4763-8D58-87B9AA6B5B13}.Debug|x86.Build.0 = Debug|Any CPU
		{66BF77D1-8BA0-4763-8D58-87B9AA6B5B13}.Release|Any CPU.ActiveCfg = Release|Any CPU
		{66BF77D1-8BA0-4763-8D58-87B9AA6B5B13}.Release|Any CPU.Build.0 = Release|Any CPU
		{66BF77D1-8BA0-4763-8D58-87B9AA6B5B13}.Release|x64.ActiveCfg = Release|Any CPU
		{66BF77D1-8BA0-4763-8D58-87B9AA6B5B13}.Release|x64.Build.0 = Release|Any CPU
		{66BF77D1-8BA0-4763-8D58-87B9AA6B5B13}.Release|x86.ActiveCfg = Release|Any CPU
		{66BF77D1-8BA0-4763-8D58-87B9AA6B5B13}.Release|x86.Build.0 = Release|Any CPU
		{3E325A40-C703-43D3-BA27-131945172C6B}.Debug|Any CPU.ActiveCfg = Debug|Any CPU
		{3E325A40-C703-43D3-BA27-131945172C6B}.Debug|Any CPU.Build.0 = Debug|Any CPU
		{3E325A40-C703-43D3-BA27-131945172C6B}.Debug|x64.ActiveCfg = Debug|Any CPU
		{3E325A40-C703-43D3-BA27-131945172C6B}.Debug|x64.Build.0 = Debug|Any CPU
		{3E325A40-C703-43D3-BA27-131945172C6B}.Debug|x86.ActiveCfg = Debug|Any CPU
		{3E325A40-C703-43D3-BA27-131945172C6B}.Debug|x86.Build.0 = Debug|Any CPU
		{3E325A40-C703-43D3-BA27-131945172C6B}.Release|Any CPU.ActiveCfg = Release|Any CPU
		{3E325A40-C703-43D3-BA27-131945172C6B}.Release|Any CPU.Build.0 = Release|Any CPU
		{3E325A40-C703-43D3-BA27-131945172C6B}.Release|x64.ActiveCfg = Release|Any CPU
		{3E325A40-C703-43D3-BA27-131945172C6B}.Release|x64.Build.0 = Release|Any CPU
		{3E325A40-C703-43D3-BA27-131945172C6B}.Release|x86.ActiveCfg = Release|Any CPU
		{3E325A40-C703-43D3-BA27-131945172C6B}.Release|x86.Build.0 = Release|Any CPU
		{B73B053D-5958-4D49-AE44-E9315640D57E}.Debug|Any CPU.ActiveCfg = Debug|Any CPU
		{B73B053D-5958-4D49-AE44-E9315640D57E}.Debug|Any CPU.Build.0 = Debug|Any CPU
		{B73B053D-5958-4D49-AE44-E9315640D57E}.Debug|x64.ActiveCfg = Debug|Any CPU
		{B73B053D-5958-4D49-AE44-E9315640D57E}.Debug|x64.Build.0 = Debug|Any CPU
		{B73B053D-5958-4D49-AE44-E9315640D57E}.Debug|x86.ActiveCfg = Debug|Any CPU
		{B73B053D-5958-4D49-AE44-E9315640D57E}.Debug|x86.Build.0 = Debug|Any CPU
		{B73B053D-5958-4D49-AE44-E9315640D57E}.Release|Any CPU.ActiveCfg = Release|Any CPU
		{B73B053D-5958-4D49-AE44-E9315640D57E}.Release|Any CPU.Build.0 = Release|Any CPU
		{B73B053D-5958-4D49-AE44-E9315640D57E}.Release|x64.ActiveCfg = Release|Any CPU
		{B73B053D-5958-4D49-AE44-E9315640D57E}.Release|x64.Build.0 = Release|Any CPU
		{B73B053D-5958-4D49-AE44-E9315640D57E}.Release|x86.ActiveCfg = Release|Any CPU
		{B73B053D-5958-4D49-AE44-E9315640D57E}.Release|x86.Build.0 = Release|Any CPU
		{DF20FB71-9E2F-4FFF-95D7-4EE5F63D8750}.Debug|Any CPU.ActiveCfg = Debug|Any CPU
		{DF20FB71-9E2F-4FFF-95D7-4EE5F63D8750}.Debug|Any CPU.Build.0 = Debug|Any CPU
		{DF20FB71-9E2F-4FFF-95D7-4EE5F63D8750}.Debug|x64.ActiveCfg = Debug|Any CPU
		{DF20FB71-9E2F-4FFF-95D7-4EE5F63D8750}.Debug|x64.Build.0 = Debug|Any CPU
		{DF20FB71-9E2F-4FFF-95D7-4EE5F63D8750}.Debug|x86.ActiveCfg = Debug|Any CPU
		{DF20FB71-9E2F-4FFF-95D7-4EE5F63D8750}.Debug|x86.Build.0 = Debug|Any CPU
		{DF20FB71-9E2F-4FFF-95D7-4EE5F63D8750}.Release|Any CPU.ActiveCfg = Release|Any CPU
		{DF20FB71-9E2F-4FFF-95D7-4EE5F63D8750}.Release|Any CPU.Build.0 = Release|Any CPU
		{DF20FB71-9E2F-4FFF-95D7-4EE5F63D8750}.Release|x64.ActiveCfg = Release|Any CPU
		{DF20FB71-9E2F-4FFF-95D7-4EE5F63D8750}.Release|x64.Build.0 = Release|Any CPU
		{DF20FB71-9E2F-4FFF-95D7-4EE5F63D8750}.Release|x86.ActiveCfg = Release|Any CPU
		{DF20FB71-9E2F-4FFF-95D7-4EE5F63D8750}.Release|x86.Build.0 = Release|Any CPU
		{D31CCBA7-180B-4B39-93D5-4FF5C8022691}.Debug|Any CPU.ActiveCfg = Debug|Any CPU
		{D31CCBA7-180B-4B39-93D5-4FF5C8022691}.Debug|Any CPU.Build.0 = Debug|Any CPU
		{D31CCBA7-180B-4B39-93D5-4FF5C8022691}.Debug|x64.ActiveCfg = Debug|Any CPU
		{D31CCBA7-180B-4B39-93D5-4FF5C8022691}.Debug|x64.Build.0 = Debug|Any CPU
		{D31CCBA7-180B-4B39-93D5-4FF5C8022691}.Debug|x86.ActiveCfg = Debug|Any CPU
		{D31CCBA7-180B-4B39-93D5-4FF5C8022691}.Debug|x86.Build.0 = Debug|Any CPU
		{D31CCBA7-180B-4B39-93D5-4FF5C8022691}.Release|Any CPU.ActiveCfg = Release|Any CPU
		{D31CCBA7-180B-4B39-93D5-4FF5C8022691}.Release|Any CPU.Build.0 = Release|Any CPU
		{D31CCBA7-180B-4B39-93D5-4FF5C8022691}.Release|x64.ActiveCfg = Release|Any CPU
		{D31CCBA7-180B-4B39-93D5-4FF5C8022691}.Release|x64.Build.0 = Release|Any CPU
		{D31CCBA7-180B-4B39-93D5-4FF5C8022691}.Release|x86.ActiveCfg = Release|Any CPU
		{D31CCBA7-180B-4B39-93D5-4FF5C8022691}.Release|x86.Build.0 = Release|Any CPU
		{DADE771F-2841-458C-9AD0-E60E346639F4}.Debug|Any CPU.ActiveCfg = Debug|Any CPU
		{DADE771F-2841-458C-9AD0-E60E346639F4}.Debug|Any CPU.Build.0 = Debug|Any CPU
		{DADE771F-2841-458C-9AD0-E60E346639F4}.Debug|x64.ActiveCfg = Debug|Any CPU
		{DADE771F-2841-458C-9AD0-E60E346639F4}.Debug|x64.Build.0 = Debug|Any CPU
		{DADE771F-2841-458C-9AD0-E60E346639F4}.Debug|x86.ActiveCfg = Debug|Any CPU
		{DADE771F-2841-458C-9AD0-E60E346639F4}.Debug|x86.Build.0 = Debug|Any CPU
		{DADE771F-2841-458C-9AD0-E60E346639F4}.Release|Any CPU.ActiveCfg = Release|Any CPU
		{DADE771F-2841-458C-9AD0-E60E346639F4}.Release|Any CPU.Build.0 = Release|Any CPU
		{DADE771F-2841-458C-9AD0-E60E346639F4}.Release|x64.ActiveCfg = Release|Any CPU
		{DADE771F-2841-458C-9AD0-E60E346639F4}.Release|x64.Build.0 = Release|Any CPU
		{DADE771F-2841-458C-9AD0-E60E346639F4}.Release|x86.ActiveCfg = Release|Any CPU
		{DADE771F-2841-458C-9AD0-E60E346639F4}.Release|x86.Build.0 = Release|Any CPU
		{4FEFBD3F-DE34-44D3-8829-08F1FC25144E}.Debug|Any CPU.ActiveCfg = Debug|Any CPU
		{4FEFBD3F-DE34-44D3-8829-08F1FC25144E}.Debug|Any CPU.Build.0 = Debug|Any CPU
		{4FEFBD3F-DE34-44D3-8829-08F1FC25144E}.Debug|x64.ActiveCfg = Debug|Any CPU
		{4FEFBD3F-DE34-44D3-8829-08F1FC25144E}.Debug|x64.Build.0 = Debug|Any CPU
		{4FEFBD3F-DE34-44D3-8829-08F1FC25144E}.Debug|x86.ActiveCfg = Debug|Any CPU
		{4FEFBD3F-DE34-44D3-8829-08F1FC25144E}.Debug|x86.Build.0 = Debug|Any CPU
		{4FEFBD3F-DE34-44D3-8829-08F1FC25144E}.Release|Any CPU.ActiveCfg = Release|Any CPU
		{4FEFBD3F-DE34-44D3-8829-08F1FC25144E}.Release|Any CPU.Build.0 = Release|Any CPU
		{4FEFBD3F-DE34-44D3-8829-08F1FC25144E}.Release|x64.ActiveCfg = Release|Any CPU
		{4FEFBD3F-DE34-44D3-8829-08F1FC25144E}.Release|x64.Build.0 = Release|Any CPU
		{4FEFBD3F-DE34-44D3-8829-08F1FC25144E}.Release|x86.ActiveCfg = Release|Any CPU
		{4FEFBD3F-DE34-44D3-8829-08F1FC25144E}.Release|x86.Build.0 = Release|Any CPU
		{8F96D8EA-8A96-4F9D-930A-2437950EFD50}.Debug|Any CPU.ActiveCfg = Debug|Any CPU
		{8F96D8EA-8A96-4F9D-930A-2437950EFD50}.Debug|Any CPU.Build.0 = Debug|Any CPU
		{8F96D8EA-8A96-4F9D-930A-2437950EFD50}.Debug|x64.ActiveCfg = Debug|Any CPU
		{8F96D8EA-8A96-4F9D-930A-2437950EFD50}.Debug|x64.Build.0 = Debug|Any CPU
		{8F96D8EA-8A96-4F9D-930A-2437950EFD50}.Debug|x86.ActiveCfg = Debug|Any CPU
		{8F96D8EA-8A96-4F9D-930A-2437950EFD50}.Debug|x86.Build.0 = Debug|Any CPU
		{8F96D8EA-8A96-4F9D-930A-2437950EFD50}.Release|Any CPU.ActiveCfg = Release|Any CPU
		{8F96D8EA-8A96-4F9D-930A-2437950EFD50}.Release|Any CPU.Build.0 = Release|Any CPU
		{8F96D8EA-8A96-4F9D-930A-2437950EFD50}.Release|x64.ActiveCfg = Release|Any CPU
		{8F96D8EA-8A96-4F9D-930A-2437950EFD50}.Release|x64.Build.0 = Release|Any CPU
		{8F96D8EA-8A96-4F9D-930A-2437950EFD50}.Release|x86.ActiveCfg = Release|Any CPU
		{8F96D8EA-8A96-4F9D-930A-2437950EFD50}.Release|x86.Build.0 = Release|Any CPU
	EndGlobalSection
	GlobalSection(SolutionProperties) = preSolution
		HideSolutionNode = FALSE
	EndGlobalSection
	GlobalSection(NestedProjects) = preSolution
		{3E325A40-C703-43D3-BA27-131945172C6B} = {B549D641-6B4C-47F7-94EF-67514B70DF39}
		{B73B053D-5958-4D49-AE44-E9315640D57E} = {BF9AB295-0E59-4431-8229-B3ACFAA03F21}
		{DF20FB71-9E2F-4FFF-95D7-4EE5F63D8750} = {8C1C1608-5B6F-4509-BB72-AB9391FC29EB}
		{D31CCBA7-180B-4B39-93D5-4FF5C8022691} = {8C1C1608-5B6F-4509-BB72-AB9391FC29EB}
		{DADE771F-2841-458C-9AD0-E60E346639F4} = {9AB581FF-1C63-4ABA-8A3F-DCCB8883BE83}
		{4FEFBD3F-DE34-44D3-8829-08F1FC25144E} = {22295553-10E9-42F5-9E59-BFDE6D128345}
		{8F96D8EA-8A96-4F9D-930A-2437950EFD50} = {9AB581FF-1C63-4ABA-8A3F-DCCB8883BE83}
	EndGlobalSection
	GlobalSection(ExtensibilityGlobals) = postSolution
		SolutionGuid = {9637C2DB-A23F-4679-B303-1C2DD3D5F222}
	EndGlobalSection
EndGlobal
